// !$*UTF8*$!
{
	archiveVersion = 1;
	classes = {
	};
	objectVersion = 46;
	objects = {

/* Begin PBXBuildFile section */
		416B737514DB956500584D2C /* UIKit.framework in Frameworks */ = {isa = PBXBuildFile; fileRef = 416B737414DB956500584D2C /* UIKit.framework */; };
		416B737714DB956500584D2C /* Foundation.framework in Frameworks */ = {isa = PBXBuildFile; fileRef = 416B737614DB956500584D2C /* Foundation.framework */; };
		416B737914DB956500584D2C /* CoreGraphics.framework in Frameworks */ = {isa = PBXBuildFile; fileRef = 416B737814DB956500584D2C /* CoreGraphics.framework */; };
		416B737F14DB956500584D2C /* InfoPlist.strings in Resources */ = {isa = PBXBuildFile; fileRef = 416B737D14DB956500584D2C /* InfoPlist.strings */; };
		416B738114DB956500584D2C /* main.m in Sources */ = {isa = PBXBuildFile; fileRef = 416B738014DB956500584D2C /* main.m */; };
		416B738514DB956500584D2C /* AppDelegate.m in Sources */ = {isa = PBXBuildFile; fileRef = 416B738414DB956500584D2C /* AppDelegate.m */; };
		416B738814DB956500584D2C /* ViewController.m in Sources */ = {isa = PBXBuildFile; fileRef = 416B738714DB956500584D2C /* ViewController.m */; };
		416B738B14DB956500584D2C /* ViewController.xib in Resources */ = {isa = PBXBuildFile; fileRef = 416B738914DB956500584D2C /* ViewController.xib */; };
		416B739414DB959100584D2C /* View1VC.m in Sources */ = {isa = PBXBuildFile; fileRef = 416B739214DB959100584D2C /* View1VC.m */; };
		416B739514DB959100584D2C /* View1VC.xib in Resources */ = {isa = PBXBuildFile; fileRef = 416B739314DB959100584D2C /* View1VC.xib */; };
		416B739D14DB96D600584D2C /* View2VC.m in Sources */ = {isa = PBXBuildFile; fileRef = 416B739B14DB96D600584D2C /* View2VC.m */; };
		416B739E14DB96D600584D2C /* View2VC.xib in Resources */ = {isa = PBXBuildFile; fileRef = 416B739C14DB96D600584D2C /* View2VC.xib */; };
		416B73A514DB97A000584D2C /* QuartzCore.framework in Frameworks */ = {isa = PBXBuildFile; fileRef = 416B73A414DB97A000584D2C /* QuartzCore.framework */; };
		416B73A914DB9F4700584D2C /* View3VC.m in Sources */ = {isa = PBXBuildFile; fileRef = 416B73A714DB9F4700584D2C /* View3VC.m */; };
		416B73AA14DB9F4700584D2C /* View3VC.xib in Resources */ = {isa = PBXBuildFile; fileRef = 416B73A814DB9F4700584D2C /* View3VC.xib */; };
		416B73B314DBA35A00584D2C /* icon57.png in Resources */ = {isa = PBXBuildFile; fileRef = 416B73B214DBA35A00584D2C /* icon57.png */; };
		416B73B514DBA35C00584D2C /* icon114.png in Resources */ = {isa = PBXBuildFile; fileRef = 416B73B414DBA35C00584D2C /* icon114.png */; };
		416B73B714DBA36200584D2C /* Default@2x.png in Resources */ = {isa = PBXBuildFile; fileRef = 416B73B614DBA36200584D2C /* Default@2x.png */; };
		416B73C214DBA46C00584D2C /* tab-1.png in Resources */ = {isa = PBXBuildFile; fileRef = 416B73BC14DBA46C00584D2C /* tab-1.png */; };
		416B73C314DBA46C00584D2C /* tab-1@2x.png in Resources */ = {isa = PBXBuildFile; fileRef = 416B73BD14DBA46C00584D2C /* tab-1@2x.png */; };
		416B73C414DBA46C00584D2C /* tab-2.png in Resources */ = {isa = PBXBuildFile; fileRef = 416B73BE14DBA46C00584D2C /* tab-2.png */; };
		416B73C514DBA46C00584D2C /* tab-2@2x.png in Resources */ = {isa = PBXBuildFile; fileRef = 416B73BF14DBA46C00584D2C /* tab-2@2x.png */; };
		416B73C614DBA46C00584D2C /* tab-3.png in Resources */ = {isa = PBXBuildFile; fileRef = 416B73C014DBA46C00584D2C /* tab-3.png */; };
		416B73C714DBA46C00584D2C /* tab-3@2x.png in Resources */ = {isa = PBXBuildFile; fileRef = 416B73C114DBA46C00584D2C /* tab-3@2x.png */; };
/* End PBXBuildFile section */

/* Begin PBXFileReference section */
		416B737014DB956500584D2C /* TabBarTransitions.app */ = {isa = PBXFileReference; explicitFileType = wrapper.application; includeInIndex = 0; path = TabBarTransitions.app; sourceTree = BUILT_PRODUCTS_DIR; };
		416B737414DB956500584D2C /* UIKit.framework */ = {isa = PBXFileReference; lastKnownFileType = wrapper.framework; name = UIKit.framework; path = System/Library/Frameworks/UIKit.framework; sourceTree = SDKROOT; };
		416B737614DB956500584D2C /* Foundation.framework */ = {isa = PBXFileReference; lastKnownFileType = wrapper.framework; name = Foundation.framework; path = System/Library/Frameworks/Foundation.framework; sourceTree = SDKROOT; };
		416B737814DB956500584D2C /* CoreGraphics.framework */ = {isa = PBXFileReference; lastKnownFileType = wrapper.framework; name = CoreGraphics.framework; path = System/Library/Frameworks/CoreGraphics.framework; sourceTree = SDKROOT; };
		416B737C14DB956500584D2C /* TabBarTransitions-Info.plist */ = {isa = PBXFileReference; lastKnownFileType = text.plist.xml; path = "TabBarTransitions-Info.plist"; sourceTree = "<group>"; };
		416B737E14DB956500584D2C /* en */ = {isa = PBXFileReference; lastKnownFileType = text.plist.strings; name = en; path = en.lproj/InfoPlist.strings; sourceTree = "<group>"; };
		416B738014DB956500584D2C /* main.m */ = {isa = PBXFileReference; lastKnownFileType = sourcecode.c.objc; path = main.m; sourceTree = "<group>"; };
		416B738214DB956500584D2C /* TabBarTransitions-Prefix.pch */ = {isa = PBXFileReference; lastKnownFileType = sourcecode.c.h; path = "TabBarTransitions-Prefix.pch"; sourceTree = "<group>"; };
		416B738314DB956500584D2C /* AppDelegate.h */ = {isa = PBXFileReference; lastKnownFileType = sourcecode.c.h; path = AppDelegate.h; sourceTree = "<group>"; };
		416B738414DB956500584D2C /* AppDelegate.m */ = {isa = PBXFileReference; lastKnownFileType = sourcecode.c.objc; path = AppDelegate.m; sourceTree = "<group>"; };
		416B738614DB956500584D2C /* ViewController.h */ = {isa = PBXFileReference; lastKnownFileType = sourcecode.c.h; path = ViewController.h; sourceTree = "<group>"; };
		416B738714DB956500584D2C /* ViewController.m */ = {isa = PBXFileReference; lastKnownFileType = sourcecode.c.objc; path = ViewController.m; sourceTree = "<group>"; };
		416B738A14DB956500584D2C /* en */ = {isa = PBXFileReference; lastKnownFileType = file.xib; name = en; path = en.lproj/ViewController.xib; sourceTree = "<group>"; };
		416B739114DB959100584D2C /* View1VC.h */ = {isa = PBXFileReference; fileEncoding = 4; lastKnownFileType = sourcecode.c.h; path = View1VC.h; sourceTree = "<group>"; };
		416B739214DB959100584D2C /* View1VC.m */ = {isa = PBXFileReference; fileEncoding = 4; lastKnownFileType = sourcecode.c.objc; path = View1VC.m; sourceTree = "<group>"; };
		416B739314DB959100584D2C /* View1VC.xib */ = {isa = PBXFileReference; fileEncoding = 4; lastKnownFileType = file.xib; path = View1VC.xib; sourceTree = "<group>"; };
		416B739A14DB96D600584D2C /* View2VC.h */ = {isa = PBXFileReference; fileEncoding = 4; lastKnownFileType = sourcecode.c.h; path = View2VC.h; sourceTree = "<group>"; };
		416B739B14DB96D600584D2C /* View2VC.m */ = {isa = PBXFileReference; fileEncoding = 4; lastKnownFileType = sourcecode.c.objc; path = View2VC.m; sourceTree = "<group>"; };
		416B739C14DB96D600584D2C /* View2VC.xib */ = {isa = PBXFileReference; fileEncoding = 4; lastKnownFileType = file.xib; path = View2VC.xib; sourceTree = "<group>"; };
		416B73A414DB97A000584D2C /* QuartzCore.framework */ = {isa = PBXFileReference; lastKnownFileType = wrapper.framework; name = QuartzCore.framework; path = System/Library/Frameworks/QuartzCore.framework; sourceTree = SDKROOT; };
		416B73A614DB9F4700584D2C /* View3VC.h */ = {isa = PBXFileReference; fileEncoding = 4; lastKnownFileType = sourcecode.c.h; path = View3VC.h; sourceTree = "<group>"; };
		416B73A714DB9F4700584D2C /* View3VC.m */ = {isa = PBXFileReference; fileEncoding = 4; lastKnownFileType = sourcecode.c.objc; path = View3VC.m; sourceTree = "<group>"; };
		416B73A814DB9F4700584D2C /* View3VC.xib */ = {isa = PBXFileReference; fileEncoding = 4; lastKnownFileType = file.xib; path = View3VC.xib; sourceTree = "<group>"; };
		416B73B214DBA35A00584D2C /* icon57.png */ = {isa = PBXFileReference; lastKnownFileType = image.png; path = icon57.png; sourceTree = "<group>"; };
		416B73B414DBA35C00584D2C /* icon114.png */ = {isa = PBXFileReference; lastKnownFileType = image.png; path = icon114.png; sourceTree = "<group>"; };
		416B73B614DBA36200584D2C /* Default@2x.png */ = {isa = PBXFileReference; lastKnownFileType = image.png; path = "Default@2x.png"; sourceTree = "<group>"; };
		416B73BC14DBA46C00584D2C /* tab-1.png */ = {isa = PBXFileReference; lastKnownFileType = image.png; path = "tab-1.png"; sourceTree = "<group>"; };
		416B73BD14DBA46C00584D2C /* tab-1@2x.png */ = {isa = PBXFileReference; lastKnownFileType = image.png; path = "tab-1@2x.png"; sourceTree = "<group>"; };
		416B73BE14DBA46C00584D2C /* tab-2.png */ = {isa = PBXFileReference; lastKnownFileType = image.png; path = "tab-2.png"; sourceTree = "<group>"; };
		416B73BF14DBA46C00584D2C /* tab-2@2x.png */ = {isa = PBXFileReference; lastKnownFileType = image.png; path = "tab-2@2x.png"; sourceTree = "<group>"; };
		416B73C014DBA46C00584D2C /* tab-3.png */ = {isa = PBXFileReference; lastKnownFileType = image.png; path = "tab-3.png"; sourceTree = "<group>"; };
		416B73C114DBA46C00584D2C /* tab-3@2x.png */ = {isa = PBXFileReference; lastKnownFileType = image.png; path = "tab-3@2x.png"; sourceTree = "<group>"; };
/* End PBXFileReference section */

/* Begin PBXFrameworksBuildPhase section */
		416B736D14DB956500584D2C /* Frameworks */ = {
			isa = PBXFrameworksBuildPhase;
			buildActionMask = 2147483647;
			files = (
				416B73A514DB97A000584D2C /* QuartzCore.framework in Frameworks */,
				416B737514DB956500584D2C /* UIKit.framework in Frameworks */,
				416B737714DB956500584D2C /* Foundation.framework in Frameworks */,
				416B737914DB956500584D2C /* CoreGraphics.framework in Frameworks */,
			);
			runOnlyForDeploymentPostprocessing = 0;
		};
/* End PBXFrameworksBuildPhase section */

/* Begin PBXGroup section */
		416B736514DB956500584D2C = {
			isa = PBXGroup;
			children = (
				416B73B614DBA36200584D2C /* Default@2x.png */,
				416B73B414DBA35C00584D2C /* icon114.png */,
				416B73B214DBA35A00584D2C /* icon57.png */,
				416B737A14DB956500584D2C /* TabBarTransitions */,
				416B737314DB956500584D2C /* Frameworks */,
				416B737114DB956500584D2C /* Products */,
			);
			sourceTree = "<group>";
		};
		416B737114DB956500584D2C /* Products */ = {
			isa = PBXGroup;
			children = (
				416B737014DB956500584D2C /* TabBarTransitions.app */,
			);
			name = Products;
			sourceTree = "<group>";
		};
		416B737314DB956500584D2C /* Frameworks */ = {
			isa = PBXGroup;
			children = (
				416B73A414DB97A000584D2C /* QuartzCore.framework */,
				416B737414DB956500584D2C /* UIKit.framework */,
				416B737614DB956500584D2C /* Foundation.framework */,
				416B737814DB956500584D2C /* CoreGraphics.framework */,
			);
			name = Frameworks;
			sourceTree = "<group>";
		};
		416B737A14DB956500584D2C /* TabBarTransitions */ = {
			isa = PBXGroup;
			children = (
				416B738314DB956500584D2C /* AppDelegate.h */,
				416B738414DB956500584D2C /* AppDelegate.m */,
				416B738614DB956500584D2C /* ViewController.h */,
				416B738714DB956500584D2C /* ViewController.m */,
				416B738914DB956500584D2C /* ViewController.xib */,
				416B739114DB959100584D2C /* View1VC.h */,
				416B739214DB959100584D2C /* View1VC.m */,
				416B739314DB959100584D2C /* View1VC.xib */,
				416B739A14DB96D600584D2C /* View2VC.h */,
				416B739B14DB96D600584D2C /* View2VC.m */,
				416B739C14DB96D600584D2C /* View2VC.xib */,
				416B73A614DB9F4700584D2C /* View3VC.h */,
				416B73A714DB9F4700584D2C /* View3VC.m */,
				416B73A814DB9F4700584D2C /* View3VC.xib */,
				416B737B14DB956500584D2C /* Supporting Files */,
			);
			path = TabBarTransitions;
			sourceTree = "<group>";
		};
		416B737B14DB956500584D2C /* Supporting Files */ = {
			isa = PBXGroup;
			children = (
				416B73BC14DBA46C00584D2C /* tab-1.png */,
				416B73BD14DBA46C00584D2C /* tab-1@2x.png */,
				416B73BE14DBA46C00584D2C /* tab-2.png */,
				416B73BF14DBA46C00584D2C /* tab-2@2x.png */,
				416B73C014DBA46C00584D2C /* tab-3.png */,
				416B73C114DBA46C00584D2C /* tab-3@2x.png */,
				416B737C14DB956500584D2C /* TabBarTransitions-Info.plist */,
				416B737D14DB956500584D2C /* InfoPlist.strings */,
				416B738014DB956500584D2C /* main.m */,
				416B738214DB956500584D2C /* TabBarTransitions-Prefix.pch */,
			);
			name = "Supporting Files";
			sourceTree = "<group>";
		};
/* End PBXGroup section */

/* Begin PBXNativeTarget section */
		416B736F14DB956500584D2C /* TabBarTransitions */ = {
			isa = PBXNativeTarget;
			buildConfigurationList = 416B738E14DB956500584D2C /* Build configuration list for PBXNativeTarget "TabBarTransitions" */;
			buildPhases = (
				416B736C14DB956500584D2C /* Sources */,
				416B736D14DB956500584D2C /* Frameworks */,
				416B736E14DB956500584D2C /* Resources */,
			);
			buildRules = (
			);
			dependencies = (
			);
			name = TabBarTransitions;
			productName = TabBarTransitions;
			productReference = 416B737014DB956500584D2C /* TabBarTransitions.app */;
			productType = "com.apple.product-type.application";
		};
/* End PBXNativeTarget section */

/* Begin PBXProject section */
		416B736714DB956500584D2C /* Project object */ = {
			isa = PBXProject;
			attributes = {
				LastUpgradeCheck = 0420;
			};
			buildConfigurationList = 416B736A14DB956500584D2C /* Build configuration list for PBXProject "TabBarTransitions" */;
			compatibilityVersion = "Xcode 3.2";
			developmentRegion = English;
			hasScannedForEncodings = 0;
			knownRegions = (
				en,
			);
			mainGroup = 416B736514DB956500584D2C;
			productRefGroup = 416B737114DB956500584D2C /* Products */;
			projectDirPath = "";
			projectRoot = "";
			targets = (
				416B736F14DB956500584D2C /* TabBarTransitions */,
			);
		};
/* End PBXProject section */

/* Begin PBXResourcesBuildPhase section */
		416B736E14DB956500584D2C /* Resources */ = {
			isa = PBXResourcesBuildPhase;
			buildActionMask = 2147483647;
			files = (
				416B737F14DB956500584D2C /* InfoPlist.strings in Resources */,
				416B738B14DB956500584D2C /* ViewController.xib in Resources */,
				416B739514DB959100584D2C /* View1VC.xib in Resources */,
				416B739E14DB96D600584D2C /* View2VC.xib in Resources */,
				416B73AA14DB9F4700584D2C /* View3VC.xib in Resources */,
				416B73B314DBA35A00584D2C /* icon57.png in Resources */,
				416B73B514DBA35C00584D2C /* icon114.png in Resources */,
				416B73B714DBA36200584D2C /* Default@2x.png in Resources */,
				416B73C214DBA46C00584D2C /* tab-1.png in Resources */,
				416B73C314DBA46C00584D2C /* tab-1@2x.png in Resources */,
				416B73C414DBA46C00584D2C /* tab-2.png in Resources */,
				416B73C514DBA46C00584D2C /* tab-2@2x.png in Resources */,
				416B73C614DBA46C00584D2C /* tab-3.png in Resources */,
				416B73C714DBA46C00584D2C /* tab-3@2x.png in Resources */,
			);
			runOnlyForDeploymentPostprocessing = 0;
		};
/* End PBXResourcesBuildPhase section */

/* Begin PBXSourcesBuildPhase section */
		416B736C14DB956500584D2C /* Sources */ = {
			isa = PBXSourcesBuildPhase;
			buildActionMask = 2147483647;
			files = (
				416B738114DB956500584D2C /* main.m in Sources */,
				416B738514DB956500584D2C /* AppDelegate.m in Sources */,
				416B738814DB956500584D2C /* ViewController.m in Sources */,
				416B739414DB959100584D2C /* View1VC.m in Sources */,
				416B739D14DB96D600584D2C /* View2VC.m in Sources */,
				416B73A914DB9F4700584D2C /* View3VC.m in Sources */,
			);
			runOnlyForDeploymentPostprocessing = 0;
		};
/* End PBXSourcesBuildPhase section */

/* Begin PBXVariantGroup section */
		416B737D14DB956500584D2C /* InfoPlist.strings */ = {
			isa = PBXVariantGroup;
			children = (
				416B737E14DB956500584D2C /* en */,
			);
			name = InfoPlist.strings;
			sourceTree = "<group>";
		};
		416B738914DB956500584D2C /* ViewController.xib */ = {
			isa = PBXVariantGroup;
			children = (
				416B738A14DB956500584D2C /* en */,
			);
			name = ViewController.xib;
			sourceTree = "<group>";
		};
/* End PBXVariantGroup section */

/* Begin XCBuildConfiguration section */
		416B738C14DB956500584D2C /* Debug */ = {
			isa = XCBuildConfiguration;
			buildSettings = {
				ALWAYS_SEARCH_USER_PATHS = NO;
				ARCHS = "$(ARCHS_STANDARD_32_BIT)";
				CLANG_ENABLE_OBJC_ARC = YES;
				"CODE_SIGN_IDENTITY[sdk=iphoneos*]" = "iPhone Developer";
				COPY_PHASE_STRIP = NO;
				GCC_C_LANGUAGE_STANDARD = gnu99;
				GCC_DYNAMIC_NO_PIC = NO;
				GCC_OPTIMIZATION_LEVEL = 0;
				GCC_PREPROCESSOR_DEFINITIONS = (
					"DEBUG=1",
					"$(inherited)",
				);
				GCC_SYMBOLS_PRIVATE_EXTERN = NO;
				GCC_VERSION = com.apple.compilers.llvm.clang.1_0;
				GCC_WARN_ABOUT_MISSING_PROTOTYPES = YES;
				GCC_WARN_ABOUT_RETURN_TYPE = YES;
				GCC_WARN_UNUSED_VARIABLE = YES;
				IPHONEOS_DEPLOYMENT_TARGET = 5.0;
				SDKROOT = iphoneos;
			};
			name = Debug;
		};
		416B738D14DB956500584D2C /* Release */ = {
			isa = XCBuildConfiguration;
			buildSettings = {
				ALWAYS_SEARCH_USER_PATHS = NO;
				ARCHS = "$(ARCHS_STANDARD_32_BIT)";
				CLANG_ENABLE_OBJC_ARC = YES;
				"CODE_SIGN_IDENTITY[sdk=iphoneos*]" = "iPhone Developer";
				COPY_PHASE_STRIP = YES;
				GCC_C_LANGUAGE_STANDARD = gnu99;
				GCC_VERSION = com.apple.compilers.llvm.clang.1_0;
				GCC_WARN_ABOUT_MISSING_PROTOTYPES = YES;
				GCC_WARN_ABOUT_RETURN_TYPE = YES;
				GCC_WARN_UNUSED_VARIABLE = YES;
				IPHONEOS_DEPLOYMENT_TARGET = 5.0;
				OTHER_CFLAGS = "-DNS_BLOCK_ASSERTIONS=1";
				SDKROOT = iphoneos;
				VALIDATE_PRODUCT = YES;
			};
			name = Release;
		};
		416B738F14DB956500584D2C /* Debug */ = {
			isa = XCBuildConfiguration;
			buildSettings = {
				GCC_PRECOMPILE_PREFIX_HEADER = YES;
				GCC_PREFIX_HEADER = "TabBarTransitions/TabBarTransitions-Prefix.pch";
				INFOPLIST_FILE = "TabBarTransitions/TabBarTransitions-Info.plist";
				PRODUCT_NAME = "$(TARGET_NAME)";
				WRAPPER_EXTENSION = app;
			};
			name = Debug;
		};
		416B739014DB956500584D2C /* Release */ = {
			isa = XCBuildConfiguration;
			buildSettings = {
				GCC_PRECOMPILE_PREFIX_HEADER = YES;
				GCC_PREFIX_HEADER = "TabBarTransitions/TabBarTransitions-Prefix.pch";
				INFOPLIST_FILE = "TabBarTransitions/TabBarTransitions-Info.plist";
				PRODUCT_NAME = "$(TARGET_NAME)";
				WRAPPER_EXTENSION = app;
			};
			name = Release;
		};
/* End XCBuildConfiguration section */

/* Begin XCConfigurationList section */
		416B736A14DB956500584D2C /* Build configuration list for PBXProject "TabBarTransitions" */ = {
			isa = XCConfigurationList;
			buildConfigurations = (
				416B738C14DB956500584D2C /* Debug */,
				416B738D14DB956500584D2C /* Release */,
			);
			defaultConfigurationIsVisible = 0;
			defaultConfigurationName = Release;
		};
		416B738E14DB956500584D2C /* Build configuration list for PBXNativeTarget "TabBarTransitions" */ = {
			isa = XCConfigurationList;
			buildConfigurations = (
				416B738F14DB956500584D2C /* Debug */,
				416B739014DB956500584D2C /* Release */,
			);
			defaultConfigurationIsVisible = 0;
			defaultConfigurationName = Release;
		};
/* End XCConfigurationList section */
	};
	rootObject = 416B736714DB956500584D2C /* Project object */;
}
